
Microsoft Visual Studio Solution File, Format Version 11.00
# Visual Studio 2010
Project("{FAE04EC0-301F-11D3-BF4B-00C04F79EFBC}") = "Assembly-CSharp", "Assembly-CSharp.csproj", "{42A783DE-2AFA-50C0-28AC-537C6951FDC4}"
EndProject
Project("{FAE04EC0-301F-11D3-BF4B-00C04F79EFBC}") = "ControllerSample", "ControllerSample.csproj", "{627DF73B-9C8E-8662-2FD7-FBD537124305}"
EndProject
Global
	GlobalSection(SolutionConfigurationPlatforms) = preSolution
		Debug|Any CPU = Debug|Any CPU
		Release|Any CPU = Release|Any CPU
	EndGlobalSection
	GlobalSection(ProjectConfigurationPlatforms) = postSolution
		{42A783DE-2AFA-50C0-28AC-537C6951FDC4}.Debug|Any CPU.ActiveCfg = Debug|Any CPU
		{42A783DE-2AFA-50C0-28AC-537C6951FDC4}.Debug|Any CPU.Build.0 = Debug|Any CPU
		{42A783DE-2AFA-50C0-28AC-537C6951FDC4}.Release|Any CPU.ActiveCfg = Release|Any CPU
		{42A783DE-2AFA-50C0-28AC-537C6951FDC4}.Release|Any CPU.Build.0 = Release|Any CPU
		{627DF73B-9C8E-8662-2FD7-FBD537124305}.Debug|Any CPU.ActiveCfg = Debug|Any CPU
		{627DF73B-9C8E-8662-2FD7-FBD537124305}.Debug|Any CPU.Build.0 = Debug|Any CPU
		{627DF73B-9C8E-8662-2FD7-FBD537124305}.Release|Any CPU.ActiveCfg = Release|Any CPU
		{627DF73B-9C8E-8662-2FD7-FBD537124305}.Release|Any CPU.Build.0 = Release|Any CPU
	EndGlobalSection
	GlobalSection(SolutionProperties) = preSolution
		HideSolutionNode = FALSE
	EndGlobalSection
EndGlobal
